
Microsoft Visual Studio Solution File, Format Version 12.00
# Visual Studio Version 16
VisualStudioVersion = 16.0.29326.143
MinimumVisualStudioVersion = 10.0.40219.1
Project("{FAE04EC0-301F-11D3-BF4B-00C04F79EFBC}") = "willitfuckingsnow", "willitfuckingsnow\willitfuckingsnow.csproj", "{DA2DE35E-0F2F-40DC-8B20-C063FE48C7B7}"
EndProject
Project("{FAE04EC0-301F-11D3-BF4B-00C04F79EFBC}") = "willitfuckingsnow.Data", "willitfuckingsnow.Data\willitfuckingsnow.Data.csproj", "{C343B263-21E8-4314-928B-85A66F7764EB}"
EndProject
Project("{9A19103F-16F7-4668-BE54-9A1E7A4F7556}") = "willitfuckingsnow.API", "willitfuckingsnow.API\willitfuckingsnow.API.csproj", "{A9641A88-38FD-4BEF-A3CC-0F0E8AB229F6}"
EndProject
Project("{9A19103F-16F7-4668-BE54-9A1E7A4F7556}") = "willitfuckingsnow.Common", "willitfuckingsnow.Common\willitfuckingsnow.Common.csproj", "{FECAF7A5-CECE-4EE3-89AB-479B2FF1C4FE}"
EndProject
Project("{FAE04EC0-301F-11D3-BF4B-00C04F79EFBC}") = "willitfuckingsnow.Services", "willitfuckingsnow.Service\willitfuckingsnow.Services.csproj", "{49706BB3-E7D1-486D-8CCC-6153E0DD8BA3}"
EndProject
Global
	GlobalSection(SolutionConfigurationPlatforms) = preSolution
		Debug|Any CPU = Debug|Any CPU
		Release|Any CPU = Release|Any CPU
	EndGlobalSection
	GlobalSection(ProjectConfigurationPlatforms) = postSolution
		{DA2DE35E-0F2F-40DC-8B20-C063FE48C7B7}.Debug|Any CPU.ActiveCfg = Debug|Any CPU
		{DA2DE35E-0F2F-40DC-8B20-C063FE48C7B7}.Debug|Any CPU.Build.0 = Debug|Any CPU
		{DA2DE35E-0F2F-40DC-8B20-C063FE48C7B7}.Debug|Any CPU.Deploy.0 = Debug|Any CPU
		{DA2DE35E-0F2F-40DC-8B20-C063FE48C7B7}.Release|Any CPU.ActiveCfg = Release|Any CPU
		{DA2DE35E-0F2F-40DC-8B20-C063FE48C7B7}.Release|Any CPU.Build.0 = Release|Any CPU
		{DA2DE35E-0F2F-40DC-8B20-C063FE48C7B7}.Release|Any CPU.Deploy.0 = Release|Any CPU
		{C343B263-21E8-4314-928B-85A66F7764EB}.Debug|Any CPU.ActiveCfg = Debug|Any CPU
		{C343B263-21E8-4314-928B-85A66F7764EB}.Debug|Any CPU.Build.0 = Debug|Any CPU
		{C343B263-21E8-4314-928B-85A66F7764EB}.Release|Any CPU.ActiveCfg = Release|Any CPU
		{C343B263-21E8-4314-928B-85A66F7764EB}.Release|Any CPU.Build.0 = Release|Any CPU
		{A9641A88-38FD-4BEF-A3CC-0F0E8AB229F6}.Debug|Any CPU.ActiveCfg = Debug|Any CPU
		{A9641A88-38FD-4BEF-A3CC-0F0E8AB229F6}.Debug|Any CPU.Build.0 = Debug|Any CPU
		{A9641A88-38FD-4BEF-A3CC-0F0E8AB229F6}.Release|Any CPU.ActiveCfg = Release|Any CPU
		{A9641A88-38FD-4BEF-A3CC-0F0E8AB229F6}.Release|Any CPU.Build.0 = Release|Any CPU
		{FECAF7A5-CECE-4EE3-89AB-479B2FF1C4FE}.Debug|Any CPU.ActiveCfg = Debug|Any CPU
		{FECAF7A5-CECE-4EE3-89AB-479B2FF1C4FE}.Debug|Any CPU.Build.0 = Debug|Any CPU
		{FECAF7A5-CECE-4EE3-89AB-479B2FF1C4FE}.Release|Any CPU.ActiveCfg = Release|Any CPU
		{FECAF7A5-CECE-4EE3-89AB-479B2FF1C4FE}.Release|Any CPU.Build.0 = Release|Any CPU
		{49706BB3-E7D1-486D-8CCC-6153E0DD8BA3}.Debug|Any CPU.ActiveCfg = Debug|Any CPU
		{49706BB3-E7D1-486D-8CCC-6153E0DD8BA3}.Debug|Any CPU.Build.0 = Debug|Any CPU
		{49706BB3-E7D1-486D-8CCC-6153E0DD8BA3}.Release|Any CPU.ActiveCfg = Release|Any CPU
		{49706BB3-E7D1-486D-8CCC-6153E0DD8BA3}.Release|Any CPU.Build.0 = Release|Any CPU
	EndGlobalSection
	GlobalSection(SolutionProperties) = preSolution
		HideSolutionNode = FALSE
	EndGlobalSection
	GlobalSection(ExtensibilityGlobals) = postSolution
		SolutionGuid = {7533468E-649C-47AD-A92B-5EDD39CE18CF}
	EndGlobalSection
EndGlobal
